
Microsoft Visual Studio Solution File, Format Version 12.00
# Visual Studio Version 17
VisualStudioVersion = 17.8.34330.188
MinimumVisualStudioVersion = 10.0.40219.1
Project("{2150E333-8FDC-42A3-9474-1A3956D46DE8}") = "frontend", "frontend", "{6B349E67-F76E-4E49-A61A-AA1CE8AB8C3B}"
EndProject
Project("{2150E333-8FDC-42A3-9474-1A3956D46DE8}") = "gateway", "gateway", "{55CC8736-11AB-472E-9C1E-2BA9D9AAFE2A}"
EndProject
Project("{2150E333-8FDC-42A3-9474-1A3956D46DE8}") = "integration", "integration", "{7B83E1BE-FAC6-4A7F-AE4F-EB6E6F17375F}"
EndProject
Project("{2150E333-8FDC-42A3-9474-1A3956D46DE8}") = "services", "services", "{732065CD-8908-4296-A3E6-6C247B96432E}"
EndProject
Project("{9A19103F-16F7-4668-BE54-9A1E7A4F7556}") = "Online.Shopping.CouponsApi", "Online.Shopping.CouponsApi\Online.Shopping.CouponsApi.csproj", "{4D259484-0E01-4792-AEFA-3DBFD77DB117}"
EndProject
Project("{9A19103F-16F7-4668-BE54-9A1E7A4F7556}") = "Online.Shopping.WebApp", "Online.Shopping.WebApp\Online.Shopping.WebApp.csproj", "{E10C7EBB-40B9-454F-A639-AA2934664331}"
EndProject
Project("{FAE04EC0-301F-11D3-BF4B-00C04F79EFBC}") = "Online.Shopping.AuthApi", "Online.Shopping.AuthApi\Online.Shopping.AuthApi.csproj", "{C4CD6976-0B34-4D79-8F25-2733F35F4FFC}"
EndProject
Global
	GlobalSection(SolutionConfigurationPlatforms) = preSolution
		Debug|Any CPU = Debug|Any CPU
		Release|Any CPU = Release|Any CPU
	EndGlobalSection
	GlobalSection(ProjectConfigurationPlatforms) = postSolution
		{4D259484-0E01-4792-AEFA-3DBFD77DB117}.Debug|Any CPU.ActiveCfg = Debug|Any CPU
		{4D259484-0E01-4792-AEFA-3DBFD77DB117}.Debug|Any CPU.Build.0 = Debug|Any CPU
		{4D259484-0E01-4792-AEFA-3DBFD77DB117}.Release|Any CPU.ActiveCfg = Release|Any CPU
		{4D259484-0E01-4792-AEFA-3DBFD77DB117}.Release|Any CPU.Build.0 = Release|Any CPU
		{E10C7EBB-40B9-454F-A639-AA2934664331}.Debug|Any CPU.ActiveCfg = Debug|Any CPU
		{E10C7EBB-40B9-454F-A639-AA2934664331}.Debug|Any CPU.Build.0 = Debug|Any CPU
		{E10C7EBB-40B9-454F-A639-AA2934664331}.Release|Any CPU.ActiveCfg = Release|Any CPU
		{E10C7EBB-40B9-454F-A639-AA2934664331}.Release|Any CPU.Build.0 = Release|Any CPU
		{C4CD6976-0B34-4D79-8F25-2733F35F4FFC}.Debug|Any CPU.ActiveCfg = Debug|Any CPU
		{C4CD6976-0B34-4D79-8F25-2733F35F4FFC}.Debug|Any CPU.Build.0 = Debug|Any CPU
		{C4CD6976-0B34-4D79-8F25-2733F35F4FFC}.Release|Any CPU.ActiveCfg = Release|Any CPU
		{C4CD6976-0B34-4D79-8F25-2733F35F4FFC}.Release|Any CPU.Build.0 = Release|Any CPU
	EndGlobalSection
	GlobalSection(SolutionProperties) = preSolution
		HideSolutionNode = FALSE
	EndGlobalSection
	GlobalSection(NestedProjects) = preSolution
		{4D259484-0E01-4792-AEFA-3DBFD77DB117} = {732065CD-8908-4296-A3E6-6C247B96432E}
		{E10C7EBB-40B9-454F-A639-AA2934664331} = {6B349E67-F76E-4E49-A61A-AA1CE8AB8C3B}
		{C4CD6976-0B34-4D79-8F25-2733F35F4FFC} = {732065CD-8908-4296-A3E6-6C247B96432E}
	EndGlobalSection
	GlobalSection(ExtensibilityGlobals) = postSolution
		SolutionGuid = {E84E960B-A954-4A33-BB02-8D2A0B82748A}
	EndGlobalSection
EndGlobal
